
Microsoft Visual Studio Solution File, Format Version 12.00
# Visual Studio 15
VisualStudioVersion = 15.0.26124.0
MinimumVisualStudioVersion = 15.0.26124.0
Project("{FAE04EC0-301F-11D3-BF4B-00C04F79EFBC}") = "QuickBuy.Dominio", "QuickBuy.Dominio\QuickBuy.Dominio.csproj", "{81F4BD5F-16D4-4EBA-89D9-BFA8FDECE595}"
EndProject
Project("{FAE04EC0-301F-11D3-BF4B-00C04F79EFBC}") = "QuickBuy.Repositorio", "QuickBuy.Repositorio\QuickBuy.Repositorio.csproj", "{761C3B33-EB07-4373-877B-D681C1BC23BA}"
EndProject
Project("{FAE04EC0-301F-11D3-BF4B-00C04F79EFBC}") = "QuickBuy.Web", "QuickBuy.Web\QuickBuy.Web.csproj", "{BF2C4BFF-7E04-4FBD-8526-812D9776351B}"
EndProject
Global
	GlobalSection(SolutionConfigurationPlatforms) = preSolution
		Debug|Any CPU = Debug|Any CPU
		Debug|x64 = Debug|x64
		Debug|x86 = Debug|x86
		Release|Any CPU = Release|Any CPU
		Release|x64 = Release|x64
		Release|x86 = Release|x86
	EndGlobalSection
	GlobalSection(SolutionProperties) = preSolution
		HideSolutionNode = FALSE
	EndGlobalSection
	GlobalSection(ProjectConfigurationPlatforms) = postSolution
		{81F4BD5F-16D4-4EBA-89D9-BFA8FDECE595}.Debug|Any CPU.ActiveCfg = Debug|Any CPU
		{81F4BD5F-16D4-4EBA-89D9-BFA8FDECE595}.Debug|Any CPU.Build.0 = Debug|Any CPU
		{81F4BD5F-16D4-4EBA-89D9-BFA8FDECE595}.Debug|x64.ActiveCfg = Debug|Any CPU
		{81F4BD5F-16D4-4EBA-89D9-BFA8FDECE595}.Debug|x64.Build.0 = Debug|Any CPU
		{81F4BD5F-16D4-4EBA-89D9-BFA8FDECE595}.Debug|x86.ActiveCfg = Debug|Any CPU
		{81F4BD5F-16D4-4EBA-89D9-BFA8FDECE595}.Debug|x86.Build.0 = Debug|Any CPU
		{81F4BD5F-16D4-4EBA-89D9-BFA8FDECE595}.Release|Any CPU.ActiveCfg = Release|Any CPU
		{81F4BD5F-16D4-4EBA-89D9-BFA8FDECE595}.Release|Any CPU.Build.0 = Release|Any CPU
		{81F4BD5F-16D4-4EBA-89D9-BFA8FDECE595}.Release|x64.ActiveCfg = Release|Any CPU
		{81F4BD5F-16D4-4EBA-89D9-BFA8FDECE595}.Release|x64.Build.0 = Release|Any CPU
		{81F4BD5F-16D4-4EBA-89D9-BFA8FDECE595}.Release|x86.ActiveCfg = Release|Any CPU
		{81F4BD5F-16D4-4EBA-89D9-BFA8FDECE595}.Release|x86.Build.0 = Release|Any CPU
		{761C3B33-EB07-4373-877B-D681C1BC23BA}.Debug|Any CPU.ActiveCfg = Debug|Any CPU
		{761C3B33-EB07-4373-877B-D681C1BC23BA}.Debug|Any CPU.Build.0 = Debug|Any CPU
		{761C3B33-EB07-4373-877B-D681C1BC23BA}.Debug|x64.ActiveCfg = Debug|Any CPU
		{761C3B33-EB07-4373-877B-D681C1BC23BA}.Debug|x64.Build.0 = Debug|Any CPU
		{761C3B33-EB07-4373-877B-D681C1BC23BA}.Debug|x86.ActiveCfg = Debug|Any CPU
		{761C3B33-EB07-4373-877B-D681C1BC23BA}.Debug|x86.Build.0 = Debug|Any CPU
		{761C3B33-EB07-4373-877B-D681C1BC23BA}.Release|Any CPU.ActiveCfg = Release|Any CPU
		{761C3B33-EB07-4373-877B-D681C1BC23BA}.Release|Any CPU.Build.0 = Release|Any CPU
		{761C3B33-EB07-4373-877B-D681C1BC23BA}.Release|x64.ActiveCfg = Release|Any CPU
		{761C3B33-EB07-4373-877B-D681C1BC23BA}.Release|x64.Build.0 = Release|Any CPU
		{761C3B33-EB07-4373-877B-D681C1BC23BA}.Release|x86.ActiveCfg = Release|Any CPU
		{761C3B33-EB07-4373-877B-D681C1BC23BA}.Release|x86.Build.0 = Release|Any CPU
		{BF2C4BFF-7E04-4FBD-8526-812D9776351B}.Debug|Any CPU.ActiveCfg = Debug|Any CPU
		{BF2C4BFF-7E04-4FBD-8526-812D9776351B}.Debug|Any CPU.Build.0 = Debug|Any CPU
		{BF2C4BFF-7E04-4FBD-8526-812D9776351B}.Debug|x64.ActiveCfg = Debug|Any CPU
		{BF2C4BFF-7E04-4FBD-8526-812D9776351B}.Debug|x64.Build.0 = Debug|Any CPU
		{BF2C4BFF-7E04-4FBD-8526-812D9776351B}.Debug|x86.ActiveCfg = Debug|Any CPU
		{BF2C4BFF-7E04-4FBD-8526-812D9776351B}.Debug|x86.Build.0 = Debug|Any CPU
		{BF2C4BFF-7E04-4FBD-8526-812D9776351B}.Release|Any CPU.ActiveCfg = Release|Any CPU
		{BF2C4BFF-7E04-4FBD-8526-812D9776351B}.Release|Any CPU.Build.0 = Release|Any CPU
		{BF2C4BFF-7E04-4FBD-8526-812D9776351B}.Release|x64.ActiveCfg = Release|Any CPU
		{BF2C4BFF-7E04-4FBD-8526-812D9776351B}.Release|x64.Build.0 = Release|Any CPU
		{BF2C4BFF-7E04-4FBD-8526-812D9776351B}.Release|x86.ActiveCfg = Release|Any CPU
		{BF2C4BFF-7E04-4FBD-8526-812D9776351B}.Release|x86.Build.0 = Release|Any CPU
	EndGlobalSection
EndGlobal
